
Microsoft Visual Studio Solution File, Format Version 12.00
# Visual Studio Version 17
VisualStudioVersion = 17.5.33516.290
MinimumVisualStudioVersion = 10.0.40219.1
Project("{FAE04EC0-301F-11D3-BF4B-00C04F79EFBC}") = "DockerSample", "DockerSample\DockerSample.csproj", "{FE97B032-DFC2-430A-8D46-5D9F584461EC}"
EndProject
Global
	GlobalSection(SolutionConfigurationPlatforms) = preSolution
		Debug|Any CPU = Debug|Any CPU
		Release|Any CPU = Release|Any CPU
	EndGlobalSection
	GlobalSection(ProjectConfigurationPlatforms) = postSolution
		{FE97B032-DFC2-430A-8D46-5D9F584461EC}.Debug|Any CPU.ActiveCfg = Debug|Any CPU
		{FE97B032-DFC2-430A-8D46-5D9F584461EC}.Debug|Any CPU.Build.0 = Debug|Any CPU
		{FE97B032-DFC2-430A-8D46-5D9F584461EC}.Release|Any CPU.ActiveCfg = Release|Any CPU
		{FE97B032-DFC2-430A-8D46-5D9F584461EC}.Release|Any CPU.Build.0 = Release|Any CPU
	EndGlobalSection
	GlobalSection(SolutionProperties) = preSolution
		HideSolutionNode = FALSE
	EndGlobalSection
	GlobalSection(ExtensibilityGlobals) = postSolution
		SolutionGuid = {7C1F417E-3A6F-4830-B66D-30535A0E3602}
	EndGlobalSection
EndGlobal
